
Microsoft Visual Studio Solution File, Format Version 12.00
# Visual Studio Version 17
VisualStudioVersion = 17.4.33213.308
MinimumVisualStudioVersion = 10.0.40219.1
Project("{FAE04EC0-301F-11D3-BF4B-00C04F79EFBC}") = "QuanAo", "QuanAo\QuanAo.csproj", "{BB254191-7E8F-4688-B26D-94557573D109}"
EndProject
Global
	GlobalSection(SolutionConfigurationPlatforms) = preSolution
		Debug|Any CPU = Debug|Any CPU
		Release|Any CPU = Release|Any CPU
	EndGlobalSection
	GlobalSection(ProjectConfigurationPlatforms) = postSolution
		{BB254191-7E8F-4688-B26D-94557573D109}.Debug|Any CPU.ActiveCfg = Debug|Any CPU
		{BB254191-7E8F-4688-B26D-94557573D109}.Debug|Any CPU.Build.0 = Debug|Any CPU
		{BB254191-7E8F-4688-B26D-94557573D109}.Release|Any CPU.ActiveCfg = Release|Any CPU
		{BB254191-7E8F-4688-B26D-94557573D109}.Release|Any CPU.Build.0 = Release|Any CPU
	EndGlobalSection
	GlobalSection(SolutionProperties) = preSolution
		HideSolutionNode = FALSE
	EndGlobalSection
	GlobalSection(ExtensibilityGlobals) = postSolution
		SolutionGuid = {9F5FD8ED-A3B3-42B2-A752-707F9013D8E5}
	EndGlobalSection
EndGlobal
