
Microsoft Visual Studio Solution File, Format Version 12.00
# Visual Studio Version 17
VisualStudioVersion = 17.4.33213.308
MinimumVisualStudioVersion = 10.0.40219.1
Project("{FAE04EC0-301F-11D3-BF4B-00C04F79EFBC}") = "Baithi", "Baithi\Baithi.csproj", "{FC5B617F-FECD-46D9-A7D7-02C83BB8BF04}"
EndProject
Global
	GlobalSection(SolutionConfigurationPlatforms) = preSolution
		Debug|Any CPU = Debug|Any CPU
		Release|Any CPU = Release|Any CPU
	EndGlobalSection
	GlobalSection(ProjectConfigurationPlatforms) = postSolution
		{FC5B617F-FECD-46D9-A7D7-02C83BB8BF04}.Debug|Any CPU.ActiveCfg = Debug|Any CPU
		{FC5B617F-FECD-46D9-A7D7-02C83BB8BF04}.Debug|Any CPU.Build.0 = Debug|Any CPU
		{FC5B617F-FECD-46D9-A7D7-02C83BB8BF04}.Release|Any CPU.ActiveCfg = Release|Any CPU
		{FC5B617F-FECD-46D9-A7D7-02C83BB8BF04}.Release|Any CPU.Build.0 = Release|Any CPU
	EndGlobalSection
	GlobalSection(SolutionProperties) = preSolution
		HideSolutionNode = FALSE
	EndGlobalSection
	GlobalSection(ExtensibilityGlobals) = postSolution
		SolutionGuid = {BB4E4179-22C9-4533-A64D-A789FFEED568}
	EndGlobalSection
EndGlobal
