
Microsoft Visual Studio Solution File, Format Version 12.00
# Visual Studio Version 17
VisualStudioVersion = 17.4.33213.308
MinimumVisualStudioVersion = 10.0.40219.1
Project("{FAE04EC0-301F-11D3-BF4B-00C04F79EFBC}") = "hehe", "hehe\hehe.csproj", "{9AA78331-2973-48D1-BB02-A17316D79DCE}"
EndProject
Global
	GlobalSection(SolutionConfigurationPlatforms) = preSolution
		Debug|Any CPU = Debug|Any CPU
		Release|Any CPU = Release|Any CPU
	EndGlobalSection
	GlobalSection(ProjectConfigurationPlatforms) = postSolution
		{9AA78331-2973-48D1-BB02-A17316D79DCE}.Debug|Any CPU.ActiveCfg = Debug|Any CPU
		{9AA78331-2973-48D1-BB02-A17316D79DCE}.Debug|Any CPU.Build.0 = Debug|Any CPU
		{9AA78331-2973-48D1-BB02-A17316D79DCE}.Release|Any CPU.ActiveCfg = Release|Any CPU
		{9AA78331-2973-48D1-BB02-A17316D79DCE}.Release|Any CPU.Build.0 = Release|Any CPU
	EndGlobalSection
	GlobalSection(SolutionProperties) = preSolution
		HideSolutionNode = FALSE
	EndGlobalSection
	GlobalSection(ExtensibilityGlobals) = postSolution
		SolutionGuid = {B758579A-DC6E-428F-B894-282B45D46DF9}
	EndGlobalSection
EndGlobal
