
Microsoft Visual Studio Solution File, Format Version 12.00
# Visual Studio Version 17
VisualStudioVersion = 17.4.33213.308
MinimumVisualStudioVersion = 10.0.40219.1
Project("{FAE04EC0-301F-11D3-BF4B-00C04F79EFBC}") = "WebApplication2", "WebApplication2\WebApplication2.csproj", "{0AB3B83B-F9E6-42F1-A7FA-710F8558F248}"
EndProject
Project("{FAE04EC0-301F-11D3-BF4B-00C04F79EFBC}") = "WebApplication1", "WebApplication1\WebApplication1.csproj", "{EDAEF428-7DFA-4467-8E19-20DC308D468D}"
EndProject
Global
	GlobalSection(SolutionConfigurationPlatforms) = preSolution
		Debug|Any CPU = Debug|Any CPU
		Release|Any CPU = Release|Any CPU
	EndGlobalSection
	GlobalSection(ProjectConfigurationPlatforms) = postSolution
		{0AB3B83B-F9E6-42F1-A7FA-710F8558F248}.Debug|Any CPU.ActiveCfg = Debug|Any CPU
		{0AB3B83B-F9E6-42F1-A7FA-710F8558F248}.Debug|Any CPU.Build.0 = Debug|Any CPU
		{0AB3B83B-F9E6-42F1-A7FA-710F8558F248}.Release|Any CPU.ActiveCfg = Release|Any CPU
		{0AB3B83B-F9E6-42F1-A7FA-710F8558F248}.Release|Any CPU.Build.0 = Release|Any CPU
		{EDAEF428-7DFA-4467-8E19-20DC308D468D}.Debug|Any CPU.ActiveCfg = Debug|Any CPU
		{EDAEF428-7DFA-4467-8E19-20DC308D468D}.Debug|Any CPU.Build.0 = Debug|Any CPU
		{EDAEF428-7DFA-4467-8E19-20DC308D468D}.Release|Any CPU.ActiveCfg = Release|Any CPU
		{EDAEF428-7DFA-4467-8E19-20DC308D468D}.Release|Any CPU.Build.0 = Release|Any CPU
	EndGlobalSection
	GlobalSection(SolutionProperties) = preSolution
		HideSolutionNode = FALSE
	EndGlobalSection
	GlobalSection(ExtensibilityGlobals) = postSolution
		SolutionGuid = {B154F9BE-7510-435D-876D-92741FB68298}
	EndGlobalSection
EndGlobal
